// !$*UTF8*$!
{
	archiveVersion = 1;
	classes = {
	};
	objectVersion = 50;
	objects = {

/* Begin PBXBuildFile section */
		BA184DF32481FB2F00460947 /* AppDelegate.swift in Sources */ = {isa = PBXBuildFile; fileRef = BA184DF22481FB2F00460947 /* AppDelegate.swift */; };
		BA184DF52481FB2F00460947 /* SceneDelegate.swift in Sources */ = {isa = PBXBuildFile; fileRef = BA184DF42481FB2F00460947 /* SceneDelegate.swift */; };
		BA184DF72481FB2F00460947 /* ViewController.swift in Sources */ = {isa = PBXBuildFile; fileRef = BA184DF62481FB2F00460947 /* ViewController.swift */; };
		BA184DFA2481FB2F00460947 /* Main.storyboard in Resources */ = {isa = PBXBuildFile; fileRef = BA184DF82481FB2F00460947 /* Main.storyboard */; };
		BA184DFD2481FB2F00460947 /* ButterflyDemo.xcdatamodeld in Sources */ = {isa = PBXBuildFile; fileRef = BA184DFB2481FB2F00460947 /* ButterflyDemo.xcdatamodeld */; };
		BA184DFF2481FB3100460947 /* Assets.xcassets in Resources */ = {isa = PBXBuildFile; fileRef = BA184DFE2481FB3100460947 /* Assets.xcassets */; };
		BA184E022481FB3100460947 /* LaunchScreen.storyboard in Resources */ = {isa = PBXBuildFile; fileRef = BA184E002481FB3100460947 /* LaunchScreen.storyboard */; };
/* End PBXBuildFile section */

/* Begin PBXFileReference section */
		BA184DEF2481FB2F00460947 /* ButterflyDemo.app */ = {isa = PBXFileReference; explicitFileType = wrapper.application; includeInIndex = 0; path = ButterflyDemo.app; sourceTree = BUILT_PRODUCTS_DIR; };
		BA184DF22481FB2F00460947 /* AppDelegate.swift */ = {isa = PBXFileReference; lastKnownFileType = sourcecode.swift; path = AppDelegate.swift; sourceTree = "<group>"; };
		BA184DF42481FB2F00460947 /* SceneDelegate.swift */ = {isa = PBXFileReference; lastKnownFileType = sourcecode.swift; path = SceneDelegate.swift; sourceTree = "<group>"; };
		BA184DF62481FB2F00460947 /* ViewController.swift */ = {isa = PBXFileReference; lastKnownFileType = sourcecode.swift; path = ViewController.swift; sourceTree = "<group>"; };
		BA184DF92481FB2F00460947 /* Base */ = {isa = PBXFileReference; lastKnownFileType = file.storyboard; name = Base; path = Base.lproj/Main.storyboard; sourceTree = "<group>"; };
		BA184DFC2481FB2F00460947 /* ButterflyDemo.xcdatamodel */ = {isa = PBXFileReference; lastKnownFileType = wrapper.xcdatamodel; path = ButterflyDemo.xcdatamodel; sourceTree = "<group>"; };
		BA184DFE2481FB3100460947 /* Assets.xcassets */ = {isa = PBXFileReference; lastKnownFileType = folder.assetcatalog; path = Assets.xcassets; sourceTree = "<group>"; };
		BA184E012481FB3100460947 /* Base */ = {isa = PBXFileReference; lastKnownFileType = file.storyboard; name = Base; path = Base.lproj/LaunchScreen.storyboard; sourceTree = "<group>"; };
		BA184E032481FB3100460947 /* Info.plist */ = {isa = PBXFileReference; lastKnownFileType = text.plist.xml; path = Info.plist; sourceTree = "<group>"; };
/* End PBXFileReference section */

/* Begin PBXFrameworksBuildPhase section */
		BA184DEC2481FB2F00460947 /* Frameworks */ = {
			isa = PBXFrameworksBuildPhase;
			buildActionMask = 2147483647;
			files = (
			);
			runOnlyForDeploymentPostprocessing = 0;
		};
/* End PBXFrameworksBuildPhase section */

/* Begin PBXGroup section */
		BA184DE62481FB2F00460947 = {
			isa = PBXGroup;
			children = (
				BA184DF12481FB2F00460947 /* ButterflyDemo */,
				BA184DF02481FB2F00460947 /* Products */,
			);
			sourceTree = "<group>";
		};
		BA184DF02481FB2F00460947 /* Products */ = {
			isa = PBXGroup;
			children = (
				BA184DEF2481FB2F00460947 /* ButterflyDemo.app */,
			);
			name = Products;
			sourceTree = "<group>";
		};
		BA184DF12481FB2F00460947 /* ButterflyDemo */ = {
			isa = PBXGroup;
			children = (
				BA184DF22481FB2F00460947 /* AppDelegate.swift */,
				BA184DF42481FB2F00460947 /* SceneDelegate.swift */,
				BA184DF62481FB2F00460947 /* ViewController.swift */,
				BA184DF82481FB2F00460947 /* Main.storyboard */,
				BA184DFE2481FB3100460947 /* Assets.xcassets */,
				BA184E002481FB3100460947 /* LaunchScreen.storyboard */,
				BA184E032481FB3100460947 /* Info.plist */,
				BA184DFB2481FB2F00460947 /* ButterflyDemo.xcdatamodeld */,
			);
			path = ButterflyDemo;
			sourceTree = "<group>";
		};
/* End PBXGroup section */

/* Begin PBXNativeTarget section */
		BA184DEE2481FB2F00460947 /* ButterflyDemo */ = {
			isa = PBXNativeTarget;
			buildConfigurationList = BA184E062481FB3100460947 /* Build configuration list for PBXNativeTarget "ButterflyDemo" */;
			buildPhases = (
				BA184DEB2481FB2F00460947 /* Sources */,
				BA184DEC2481FB2F00460947 /* Frameworks */,
				BA184DED2481FB2F00460947 /* Resources */,
			);
			buildRules = (
			);
			dependencies = (
			);
			name = ButterflyDemo;
			productName = ButterflyDemo;
			productReference = BA184DEF2481FB2F00460947 /* ButterflyDemo.app */;
			productType = "com.apple.product-type.application";
		};
/* End PBXNativeTarget section */

/* Begin PBXProject section */
		BA184DE72481FB2F00460947 /* Project object */ = {
			isa = PBXProject;
			attributes = {
				LastSwiftUpdateCheck = 1150;
				LastUpgradeCheck = 1150;
				ORGANIZATIONNAME = "The Litt App";
				TargetAttributes = {
					BA184DEE2481FB2F00460947 = {
						CreatedOnToolsVersion = 11.5;
					};
				};
			};
			buildConfigurationList = BA184DEA2481FB2F00460947 /* Build configuration list for PBXProject "ButterflyDemo" */;
			compatibilityVersion = "Xcode 9.3";
			developmentRegion = en;
			hasScannedForEncodings = 0;
			knownRegions = (
				en,
				Base,
			);
			mainGroup = BA184DE62481FB2F00460947;
			productRefGroup = BA184DF02481FB2F00460947 /* Products */;
			projectDirPath = "";
			projectRoot = "";
			targets = (
				BA184DEE2481FB2F00460947 /* ButterflyDemo */,
			);
		};
/* End PBXProject section */

/* Begin PBXResourcesBuildPhase section */
		BA184DED2481FB2F00460947 /* Resources */ = {
			isa = PBXResourcesBuildPhase;
			buildActionMask = 2147483647;
			files = (
				BA184E022481FB3100460947 /* LaunchScreen.storyboard in Resources */,
				BA184DFF2481FB3100460947 /* Assets.xcassets in Resources */,
				BA184DFA2481FB2F00460947 /* Main.storyboard in Resources */,
			);
			runOnlyForDeploymentPostprocessing = 0;
		};
/* End PBXResourcesBuildPhase section */

/* Begin PBXSourcesBuildPhase section */
		BA184DEB2481FB2F00460947 /* Sources */ = {
			isa = PBXSourcesBuildPhase;
			buildActionMask = 2147483647;
			files = (
				BA184DFD2481FB2F00460947 /* ButterflyDemo.xcdatamodeld in Sources */,
				BA184DF72481FB2F00460947 /* ViewController.swift in Sources */,
				BA184DF32481FB2F00460947 /* AppDelegate.swift in Sources */,
				BA184DF52481FB2F00460947 /* SceneDelegate.swift in Sources */,
			);
			runOnlyForDeploymentPostprocessing = 0;
		};
/* End PBXSourcesBuildPhase section */

/* Begin PBXVariantGroup section */
		BA184DF82481FB2F00460947 /* Main.storyboard */ = {
			isa = PBXVariantGroup;
			children = (
				BA184DF92481FB2F00460947 /* Base */,
			);
			name = Main.storyboard;
			sourceTree = "<group>";
		};
		BA184E002481FB3100460947 /* LaunchScreen.storyboard */ = {
			isa = PBXVariantGroup;
			children = (
				BA184E012481FB3100460947 /* Base */,
			);
			name = LaunchScreen.storyboard;
			sourceTree = "<group>";
		};
/* End PBXVariantGroup section */

/* Begin XCBuildConfiguration section */
		BA184E042481FB3100460947 /* Debug */ = {
			isa = XCBuildConfiguration;
			buildSettings = {
				ALWAYS_SEARCH_USER_PATHS = NO;
				CLANG_ANALYZER_NONNULL = YES;
				CLANG_ANALYZER_NUMBER_OBJECT_CONVERSION = YES_AGGRESSIVE;
				CLANG_CXX_LANGUAGE_STANDARD = "gnu++14";
				CLANG_CXX_LIBRARY = "libc++";
				CLANG_ENABLE_MODULES = YES;
				CLANG_ENABLE_OBJC_ARC = YES;
				CLANG_ENABLE_OBJC_WEAK = YES;
				CLANG_WARN_BLOCK_CAPTURE_AUTORELEASING = YES;
				CLANG_WARN_BOOL_CONVERSION = YES;
				CLANG_WARN_COMMA = YES;
				CLANG_WARN_CONSTANT_CONVERSION = YES;
				CLANG_WARN_DEPRECATED_OBJC_IMPLEMENTATIONS = YES;
				CLANG_WARN_DIRECT_OBJC_ISA_USAGE = YES_ERROR;
				CLANG_WARN_DOCUMENTATION_COMMENTS = YES;
				CLANG_WARN_EMPTY_BODY = YES;
				CLANG_WARN_ENUM_CONVERSION = YES;
				CLANG_WARN_INFINITE_RECURSION = YES;
				CLANG_WARN_INT_CONVERSION = YES;
				CLANG_WARN_NON_LITERAL_NULL_CONVERSION = YES;
				CLANG_WARN_OBJC_IMPLICIT_RETAIN_SELF = YES;
				CLANG_WARN_OBJC_LITERAL_CONVERSION = YES;
				CLANG_WARN_OBJC_ROOT_CLASS = YES_ERROR;
				CLANG_WARN_RANGE_LOOP_ANALYSIS = YES;
				CLANG_WARN_STRICT_PROTOTYPES = YES;
				CLANG_WARN_SUSPICIOUS_MOVE = YES;
				CLANG_WARN_UNGUARDED_AVAILABILITY = YES_AGGRESSIVE;
				CLANG_WARN_UNREACHABLE_CODE = YES;
				CLANG_WARN__DUPLICATE_METHOD_MATCH = YES;
				COPY_PHASE_STRIP = NO;
				DEBUG_INFORMATION_FORMAT = dwarf;
				ENABLE_STRICT_OBJC_MSGSEND = YES;
				ENABLE_TESTABILITY = YES;
				GCC_C_LANGUAGE_STANDARD = gnu11;
				GCC_DYNAMIC_NO_PIC = NO;
				GCC_NO_COMMON_BLOCKS = YES;
				GCC_OPTIMIZATION_LEVEL = 0;
				GCC_PREPROCESSOR_DEFINITIONS = (
					"DEBUG=1",
					"$(inherited)",
				);
				GCC_WARN_64_TO_32_BIT_CONVERSION = YES;
				GCC_WARN_ABOUT_RETURN_TYPE = YES_ERROR;
				GCC_WARN_UNDECLARED_SELECTOR = YES;
				GCC_WARN_UNINITIALIZED_AUTOS = YES_AGGRESSIVE;
				GCC_WARN_UNUSED_FUNCTION = YES;
				GCC_WARN_UNUSED_VARIABLE = YES;
				IPHONEOS_DEPLOYMENT_TARGET = 13.5;
				MTL_ENABLE_DEBUG_INFO = INCLUDE_SOURCE;
				MTL_FAST_MATH = YES;
				ONLY_ACTIVE_ARCH = YES;
				SDKROOT = iphoneos;
				SWIFT_ACTIVE_COMPILATION_CONDITIONS = DEBUG;
				SWIFT_OPTIMIZATION_LEVEL = "-Onone";
			};
			name = Debug;
		};
		BA184E052481FB3100460947 /* Release */ = {
			isa = XCBuildConfiguration;
			buildSettings = {
				ALWAYS_SEARCH_USER_PATHS = NO;
				CLANG_ANALYZER_NONNULL = YES;
				CLANG_ANALYZER_NUMBER_OBJECT_CONVERSION = YES_AGGRESSIVE;
				CLANG_CXX_LANGUAGE_STANDARD = "gnu++14";
				CLANG_CXX_LIBRARY = "libc++";
				CLANG_ENABLE_MODULES = YES;
				CLANG_ENABLE_OBJC_ARC = YES;
				CLANG_ENABLE_OBJC_WEAK = YES;
				CLANG_WARN_BLOCK_CAPTURE_AUTORELEASING = YES;
				CLANG_WARN_BOOL_CONVERSION = YES;
				CLANG_WARN_COMMA = YES;
				CLANG_WARN_CONSTANT_CONVERSION = YES;
				CLANG_WARN_DEPRECATED_OBJC_IMPLEMENTATIONS = YES;
				CLANG_WARN_DIRECT_OBJC_ISA_USAGE = YES_ERROR;
				CLANG_WARN_DOCUMENTATION_COMMENTS = YES;
				CLANG_WARN_EMPTY_BODY = YES;
				CLANG_WARN_ENUM_CONVERSION = YES;
				CLANG_WARN_INFINITE_RECURSION = YES;
				CLANG_WARN_INT_CONVERSION = YES;
				CLANG_WARN_NON_LITERAL_NULL_CONVERSION = YES;
				CLANG_WARN_OBJC_IMPLICIT_RETAIN_SELF = YES;
				CLANG_WARN_OBJC_LITERAL_CONVERSION = YES;
				CLANG_WARN_OBJC_ROOT_CLASS = YES_ERROR;
				CLANG_WARN_RANGE_LOOP_ANALYSIS = YES;
				CLANG_WARN_STRICT_PROTOTYPES = YES;
				CLANG_WARN_SUSPICIOUS_MOVE = YES;
				CLANG_WARN_UNGUARDED_AVAILABILITY = YES_AGGRESSIVE;
				CLANG_WARN_UNREACHABLE_CODE = YES;
				CLANG_WARN__DUPLICATE_METHOD_MATCH = YES;
				COPY_PHASE_STRIP = NO;
				DEBUG_INFORMATION_FORMAT = "dwarf-with-dsym";
				ENABLE_NS_ASSERTIONS = NO;
				ENABLE_STRICT_OBJC_MSGSEND = YES;
				GCC_C_LANGUAGE_STANDARD = gnu11;
				GCC_NO_COMMON_BLOCKS = YES;
				GCC_WARN_64_TO_32_BIT_CONVERSION = YES;
				GCC_WARN_ABOUT_RETURN_TYPE = YES_ERROR;
				GCC_WARN_UNDECLARED_SELECTOR = YES;
				GCC_WARN_UNINITIALIZED_AUTOS = YES_AGGRESSIVE;
				GCC_WARN_UNUSED_FUNCTION = YES;
				GCC_WARN_UNUSED_VARIABLE = YES;
				IPHONEOS_DEPLOYMENT_TARGET = 13.5;
				MTL_ENABLE_DEBUG_INFO = NO;
				MTL_FAST_MATH = YES;
				SDKROOT = iphoneos;
				SWIFT_COMPILATION_MODE = wholemodule;
				SWIFT_OPTIMIZATION_LEVEL = "-O";
				VALIDATE_PRODUCT = YES;
			};
			name = Release;
		};
		BA184E072481FB3100460947 /* Debug */ = {
			isa = XCBuildConfiguration;
			buildSettings = {
				ASSETCATALOG_COMPILER_APPICON_NAME = AppIcon;
				CODE_SIGN_STYLE = Automatic;
				DEVELOPMENT_TEAM = F92VCP2C4S;
				INFOPLIST_FILE = ButterflyDemo/Info.plist;
				LD_RUNPATH_SEARCH_PATHS = (
					"$(inherited)",
					"@executable_path/Frameworks",
				);
				PRODUCT_BUNDLE_IDENTIFIER = com.thelittapp.ButterflyDemo;
				PRODUCT_NAME = "$(TARGET_NAME)";
				SWIFT_VERSION = 5.0;
				TARGETED_DEVICE_FAMILY = "1,2";
			};
			name = Debug;
		};
		BA184E082481FB3100460947 /* Release */ = {
			isa = XCBuildConfiguration;
			buildSettings = {
				ASSETCATALOG_COMPILER_APPICON_NAME = AppIcon;
				CODE_SIGN_STYLE = Automatic;
				DEVELOPMENT_TEAM = F92VCP2C4S;
				INFOPLIST_FILE = ButterflyDemo/Info.plist;
				LD_RUNPATH_SEARCH_PATHS = (
					"$(inherited)",
					"@executable_path/Frameworks",
				);
				PRODUCT_BUNDLE_IDENTIFIER = com.thelittapp.ButterflyDemo;
				PRODUCT_NAME = "$(TARGET_NAME)";
				SWIFT_VERSION = 5.0;
				TARGETED_DEVICE_FAMILY = "1,2";
			};
			name = Release;
		};
/* End XCBuildConfiguration section */

/* Begin XCConfigurationList section */
		BA184DEA2481FB2F00460947 /* Build configuration list for PBXProject "ButterflyDemo" */ = {
			isa = XCConfigurationList;
			buildConfigurations = (
				BA184E042481FB3100460947 /* Debug */,
				BA184E052481FB3100460947 /* Release */,
			);
			defaultConfigurationIsVisible = 0;
			defaultConfigurationName = Release;
		};
		BA184E062481FB3100460947 /* Build configuration list for PBXNativeTarget "ButterflyDemo" */ = {
			isa = XCConfigurationList;
			buildConfigurations = (
				BA184E072481FB3100460947 /* Debug */,
				BA184E082481FB3100460947 /* Release */,
			);
			defaultConfigurationIsVisible = 0;
			defaultConfigurationName = Release;
		};
/* End XCConfigurationList section */

/* Begin XCVersionGroup section */
		BA184DFB2481FB2F00460947 /* ButterflyDemo.xcdatamodeld */ = {
			isa = XCVersionGroup;
			children = (
				BA184DFC2481FB2F00460947 /* ButterflyDemo.xcdatamodel */,
			);
			currentVersion = BA184DFC2481FB2F00460947 /* ButterflyDemo.xcdatamodel */;
			path = ButterflyDemo.xcdatamodeld;
			sourceTree = "<group>";
			versionGroupType = wrapper.xcdatamodel;
		};
/* End XCVersionGroup section */
	};
	rootObject = BA184DE72481FB2F00460947 /* Project object */;
}
